<Solution>
  <Project Path="source/AlephMapper.csproj" />
  <Folder Name="/examples/">
    <Project Path="examples/SampleApp/SampleApp.csproj" />
  </Folder>
  <Folder Name="/tests/">
    <Project Path="tests/AlephMapper.IntegrationTests/AlephMapper.IntegrationTests.csproj" />
    <Project Path="tests/AlephMapper.Tests/AlephMapper.Tests.csproj" />
    <Project Path="tests/Experiments/Experiments.csproj" />
  </Folder>
</Solution>
